// !$*UTF8*$!
{
	archiveVersion = 1;
	classes = {
	};
	objectVersion = 46;
	objects = {

/* Begin PBXBuildFile section */
		2BCBC7001D5119570075CA26 /* AppDelegate.swift in Sources */ = {isa = PBXBuildFile; fileRef = 2BCBC6FF1D5119570075CA26 /* AppDelegate.swift */; };
		2BCBC7021D5119570075CA26 /* ViewController.swift in Sources */ = {isa = PBXBuildFile; fileRef = 2BCBC7011D5119570075CA26 /* ViewController.swift */; };
		2BCBC7051D5119570075CA26 /* Main.storyboard in Resources */ = {isa = PBXBuildFile; fileRef = 2BCBC7031D5119570075CA26 /* Main.storyboard */; };
		2BCBC7071D5119570075CA26 /* Assets.xcassets in Resources */ = {isa = PBXBuildFile; fileRef = 2BCBC7061D5119570075CA26 /* Assets.xcassets */; };
		2BCBC70A1D5119570075CA26 /* LaunchScreen.storyboard in Resources */ = {isa = PBXBuildFile; fileRef = 2BCBC7081D5119570075CA26 /* LaunchScreen.storyboard */; };
		2BE4C3171D51728B00A14F02 /* DetailVC.swift in Sources */ = {isa = PBXBuildFile; fileRef = 2BE4C3161D51728B00A14F02 /* DetailVC.swift */; };
/* End PBXBuildFile section */

/* Begin PBXFileReference section */
		2BCBC6FC1D5119570075CA26 /* favPlace.app */ = {isa = PBXFileReference; explicitFileType = wrapper.application; includeInIndex = 0; path = favPlace.app; sourceTree = BUILT_PRODUCTS_DIR; };
		2BCBC6FF1D5119570075CA26 /* AppDelegate.swift */ = {isa = PBXFileReference; lastKnownFileType = sourcecode.swift; path = AppDelegate.swift; sourceTree = "<group>"; };
		2BCBC7011D5119570075CA26 /* ViewController.swift */ = {isa = PBXFileReference; lastKnownFileType = sourcecode.swift; path = ViewController.swift; sourceTree = "<group>"; };
		2BCBC7041D5119570075CA26 /* Base */ = {isa = PBXFileReference; lastKnownFileType = file.storyboard; name = Base; path = Base.lproj/Main.storyboard; sourceTree = "<group>"; };
		2BCBC7061D5119570075CA26 /* Assets.xcassets */ = {isa = PBXFileReference; lastKnownFileType = folder.assetcatalog; path = Assets.xcassets; sourceTree = "<group>"; };
		2BCBC7091D5119570075CA26 /* Base */ = {isa = PBXFileReference; lastKnownFileType = file.storyboard; name = Base; path = Base.lproj/LaunchScreen.storyboard; sourceTree = "<group>"; };
		2BCBC70B1D5119570075CA26 /* Info.plist */ = {isa = PBXFileReference; lastKnownFileType = text.plist.xml; path = Info.plist; sourceTree = "<group>"; };
		2BE4C3161D51728B00A14F02 /* DetailVC.swift */ = {isa = PBXFileReference; fileEncoding = 4; lastKnownFileType = sourcecode.swift; path = DetailVC.swift; sourceTree = "<group>"; };
/* End PBXFileReference section */

/* Begin PBXFrameworksBuildPhase section */
		2BCBC6F91D5119570075CA26 /* Frameworks */ = {
			isa = PBXFrameworksBuildPhase;
			buildActionMask = 2147483647;
			files = (
			);
			runOnlyForDeploymentPostprocessing = 0;
		};
/* End PBXFrameworksBuildPhase section */

/* Begin PBXGroup section */
		2BCBC6F31D5119570075CA26 = {
			isa = PBXGroup;
			children = (
				2BCBC6FE1D5119570075CA26 /* favPlace */,
				2BCBC6FD1D5119570075CA26 /* Products */,
			);
			sourceTree = "<group>";
		};
		2BCBC6FD1D5119570075CA26 /* Products */ = {
			isa = PBXGroup;
			children = (
				2BCBC6FC1D5119570075CA26 /* favPlace.app */,
			);
			name = Products;
			sourceTree = "<group>";
		};
		2BCBC6FE1D5119570075CA26 /* favPlace */ = {
			isa = PBXGroup;
			children = (
				2BCBC6FF1D5119570075CA26 /* AppDelegate.swift */,
				2BCBC7011D5119570075CA26 /* ViewController.swift */,
				2BCBC7031D5119570075CA26 /* Main.storyboard */,
				2BE4C3161D51728B00A14F02 /* DetailVC.swift */,
				2BCBC7061D5119570075CA26 /* Assets.xcassets */,
				2BCBC7081D5119570075CA26 /* LaunchScreen.storyboard */,
				2BCBC70B1D5119570075CA26 /* Info.plist */,
			);
			path = favPlace;
			sourceTree = "<group>";
		};
/* End PBXGroup section */

/* Begin PBXNativeTarget section */
		2BCBC6FB1D5119570075CA26 /* favPlace */ = {
			isa = PBXNativeTarget;
			buildConfigurationList = 2BCBC70E1D5119570075CA26 /* Build configuration list for PBXNativeTarget "favPlace" */;
			buildPhases = (
				2BCBC6F81D5119570075CA26 /* Sources */,
				2BCBC6F91D5119570075CA26 /* Frameworks */,
				2BCBC6FA1D5119570075CA26 /* Resources */,
			);
			buildRules = (
			);
			dependencies = (
			);
			name = favPlace;
			productName = favPlace;
			productReference = 2BCBC6FC1D5119570075CA26 /* favPlace.app */;
			productType = "com.apple.product-type.application";
		};
/* End PBXNativeTarget section */

/* Begin PBXProject section */
		2BCBC6F41D5119570075CA26 /* Project object */ = {
			isa = PBXProject;
			attributes = {
				LastSwiftUpdateCheck = 0730;
				LastUpgradeCheck = 0730;
				ORGANIZATIONNAME = "Arpita Bhatia";
				TargetAttributes = {
					2BCBC6FB1D5119570075CA26 = {
						CreatedOnToolsVersion = 7.3.1;
					};
				};
			};
			buildConfigurationList = 2BCBC6F71D5119570075CA26 /* Build configuration list for PBXProject "favPlace" */;
			compatibilityVersion = "Xcode 3.2";
			developmentRegion = English;
			hasScannedForEncodings = 0;
			knownRegions = (
				en,
				Base,
			);
			mainGroup = 2BCBC6F31D5119570075CA26;
			productRefGroup = 2BCBC6FD1D5119570075CA26 /* Products */;
			projectDirPath = "";
			projectRoot = "";
			targets = (
				2BCBC6FB1D5119570075CA26 /* favPlace */,
			);
		};
/* End PBXProject section */

/* Begin PBXResourcesBuildPhase section */
		2BCBC6FA1D5119570075CA26 /* Resources */ = {
			isa = PBXResourcesBuildPhase;
			buildActionMask = 2147483647;
			files = (
				2BCBC70A1D5119570075CA26 /* LaunchScreen.storyboard in Resources */,
				2BCBC7071D5119570075CA26 /* Assets.xcassets in Resources */,
				2BCBC7051D5119570075CA26 /* Main.storyboard in Resources */,
			);
			runOnlyForDeploymentPostprocessing = 0;
		};
/* End PBXResourcesBuildPhase section */

/* Begin PBXSourcesBuildPhase section */
		2BCBC6F81D5119570075CA26 /* Sources */ = {
			isa = PBXSourcesBuildPhase;
			buildActionMask = 2147483647;
			files = (
				2BCBC7021D5119570075CA26 /* ViewController.swift in Sources */,
				2BCBC7001D5119570075CA26 /* AppDelegate.swift in Sources */,
				2BE4C3171D51728B00A14F02 /* DetailVC.swift in Sources */,
			);
			runOnlyForDeploymentPostprocessing = 0;
		};
/* End PBXSourcesBuildPhase section */

/* Begin PBXVariantGroup section */
		2BCBC7031D5119570075CA26 /* Main.storyboard */ = {
			isa = PBXVariantGroup;
			children = (
				2BCBC7041D5119570075CA26 /* Base */,
			);
			name = Main.storyboard;
			sourceTree = "<group>";
		};
		2BCBC7081D5119570075CA26 /* LaunchScreen.storyboard */ = {
			isa = PBXVariantGroup;
			children = (
				2BCBC7091D5119570075CA26 /* Base */,
			);
			name = LaunchScreen.storyboard;
			sourceTree = "<group>";
		};
/* End PBXVariantGroup section */

/* Begin XCBuildConfiguration section */
		2BCBC70C1D5119570075CA26 /* Debug */ = {
			isa = XCBuildConfiguration;
			buildSettings = {
				ALWAYS_SEARCH_USER_PATHS = NO;
				CLANG_ANALYZER_NONNULL = YES;
				CLANG_CXX_LANGUAGE_STANDARD = "gnu++0x";
				CLANG_CXX_LIBRARY = "libc++";
				CLANG_ENABLE_MODULES = YES;
				CLANG_ENABLE_OBJC_ARC = YES;
				CLANG_WARN_BOOL_CONVERSION = YES;
				CLANG_WARN_CONSTANT_CONVERSION = YES;
				CLANG_WARN_DIRECT_OBJC_ISA_USAGE = YES_ERROR;
				CLANG_WARN_EMPTY_BODY = YES;
				CLANG_WARN_ENUM_CONVERSION = YES;
				CLANG_WARN_INT_CONVERSION = YES;
				CLANG_WARN_OBJC_ROOT_CLASS = YES_ERROR;
				CLANG_WARN_UNREACHABLE_CODE = YES;
				CLANG_WARN__DUPLICATE_METHOD_MATCH = YES;
				"CODE_SIGN_IDENTITY[sdk=iphoneos*]" = "iPhone Developer";
				COPY_PHASE_STRIP = NO;
				DEBUG_INFORMATION_FORMAT = dwarf;
				ENABLE_STRICT_OBJC_MSGSEND = YES;
				ENABLE_TESTABILITY = YES;
				GCC_C_LANGUAGE_STANDARD = gnu99;
				GCC_DYNAMIC_NO_PIC = NO;
				GCC_NO_COMMON_BLOCKS = YES;
				GCC_OPTIMIZATION_LEVEL = 0;
				GCC_PREPROCESSOR_DEFINITIONS = (
					"DEBUG=1",
					"$(inherited)",
				);
				GCC_WARN_64_TO_32_BIT_CONVERSION = YES;
				GCC_WARN_ABOUT_RETURN_TYPE = YES_ERROR;
				GCC_WARN_UNDECLARED_SELECTOR = YES;
				GCC_WARN_UNINITIALIZED_AUTOS = YES_AGGRESSIVE;
				GCC_WARN_UNUSED_FUNCTION = YES;
				GCC_WARN_UNUSED_VARIABLE = YES;
				IPHONEOS_DEPLOYMENT_TARGET = 9.3;
				MTL_ENABLE_DEBUG_INFO = YES;
				ONLY_ACTIVE_ARCH = YES;
				SDKROOT = iphoneos;
				SWIFT_OPTIMIZATION_LEVEL = "-Onone";
			};
			name = Debug;
		};
		2BCBC70D1D5119570075CA26 /* Release */ = {
			isa = XCBuildConfiguration;
			buildSettings = {
				ALWAYS_SEARCH_USER_PATHS = NO;
				CLANG_ANALYZER_NONNULL = YES;
				CLANG_CXX_LANGUAGE_STANDARD = "gnu++0x";
				CLANG_CXX_LIBRARY = "libc++";
				CLANG_ENABLE_MODULES = YES;
				CLANG_ENABLE_OBJC_ARC = YES;
				CLANG_WARN_BOOL_CONVERSION = YES;
				CLANG_WARN_CONSTANT_CONVERSION = YES;
				CLANG_WARN_DIRECT_OBJC_ISA_USAGE = YES_ERROR;
				CLANG_WARN_EMPTY_BODY = YES;
				CLANG_WARN_ENUM_CONVERSION = YES;
				CLANG_WARN_INT_CONVERSION = YES;
				CLANG_WARN_OBJC_ROOT_CLASS = YES_ERROR;
				CLANG_WARN_UNREACHABLE_CODE = YES;
				CLANG_WARN__DUPLICATE_METHOD_MATCH = YES;
				"CODE_SIGN_IDENTITY[sdk=iphoneos*]" = "iPhone Developer";
				COPY_PHASE_STRIP = NO;
				DEBUG_INFORMATION_FORMAT = "dwarf-with-dsym";
				ENABLE_NS_ASSERTIONS = NO;
				ENABLE_STRICT_OBJC_MSGSEND = YES;
				GCC_C_LANGUAGE_STANDARD = gnu99;
				GCC_NO_COMMON_BLOCKS = YES;
				GCC_WARN_64_TO_32_BIT_CONVERSION = YES;
				GCC_WARN_ABOUT_RETURN_TYPE = YES_ERROR;
				GCC_WARN_UNDECLARED_SELECTOR = YES;
				GCC_WARN_UNINITIALIZED_AUTOS = YES_AGGRESSIVE;
				GCC_WARN_UNUSED_FUNCTION = YES;
				GCC_WARN_UNUSED_VARIABLE = YES;
				IPHONEOS_DEPLOYMENT_TARGET = 9.3;
				MTL_ENABLE_DEBUG_INFO = NO;
				SDKROOT = iphoneos;
				VALIDATE_PRODUCT = YES;
			};
			name = Release;
		};
		2BCBC70F1D5119570075CA26 /* Debug */ = {
			isa = XCBuildConfiguration;
			buildSettings = {
				ASSETCATALOG_COMPILER_APPICON_NAME = AppIcon;
				INFOPLIST_FILE = favPlace/Info.plist;
				LD_RUNPATH_SEARCH_PATHS = "$(inherited) @executable_path/Frameworks";
				PRODUCT_BUNDLE_IDENTIFIER = com.ab.favPlace;
				PRODUCT_NAME = "$(TARGET_NAME)";
			};
			name = Debug;
		};
		2BCBC7101D5119570075CA26 /* Release */ = {
			isa = XCBuildConfiguration;
			buildSettings = {
				ASSETCATALOG_COMPILER_APPICON_NAME = AppIcon;
				INFOPLIST_FILE = favPlace/Info.plist;
				LD_RUNPATH_SEARCH_PATHS = "$(inherited) @executable_path/Frameworks";
				PRODUCT_BUNDLE_IDENTIFIER = com.ab.favPlace;
				PRODUCT_NAME = "$(TARGET_NAME)";
			};
			name = Release;
		};
/* End XCBuildConfiguration section */

/* Begin XCConfigurationList section */
		2BCBC6F71D5119570075CA26 /* Build configuration list for PBXProject "favPlace" */ = {
			isa = XCConfigurationList;
			buildConfigurations = (
				2BCBC70C1D5119570075CA26 /* Debug */,
				2BCBC70D1D5119570075CA26 /* Release */,
			);
			defaultConfigurationIsVisible = 0;
			defaultConfigurationName = Release;
		};
		2BCBC70E1D5119570075CA26 /* Build configuration list for PBXNativeTarget "favPlace" */ = {
			isa = XCConfigurationList;
			buildConfigurations = (
				2BCBC70F1D5119570075CA26 /* Debug */,
				2BCBC7101D5119570075CA26 /* Release */,
			);
			defaultConfigurationIsVisible = 0;
			defaultConfigurationName = Release;
		};
/* End XCConfigurationList section */
	};
	rootObject = 2BCBC6F41D5119570075CA26 /* Project object */;
}
